// !$*UTF8*$!
{
	archiveVersion = 1;
	classes = {
	};
	objectVersion = 50;
	objects = {

/* Begin PBXBuildFile section */
		27F4A12C242BC63800285DF0 /* AppDelegate.swift in Sources */ = {isa = PBXBuildFile; fileRef = 27F4A12B242BC63800285DF0 /* AppDelegate.swift */; };
		27F4A12E242BC63800285DF0 /* SceneDelegate.swift in Sources */ = {isa = PBXBuildFile; fileRef = 27F4A12D242BC63800285DF0 /* SceneDelegate.swift */; };
		27F4A133242BC63800285DF0 /* Main.storyboard in Resources */ = {isa = PBXBuildFile; fileRef = 27F4A131242BC63800285DF0 /* Main.storyboard */; };
		27F4A135242BC63900285DF0 /* Assets.xcassets in Resources */ = {isa = PBXBuildFile; fileRef = 27F4A134242BC63900285DF0 /* Assets.xcassets */; };
		27F4A138242BC63900285DF0 /* LaunchScreen.storyboard in Resources */ = {isa = PBXBuildFile; fileRef = 27F4A136242BC63900285DF0 /* LaunchScreen.storyboard */; };
		27F4A140242BC6AE00285DF0 /* JokeTableViewController.swift in Sources */ = {isa = PBXBuildFile; fileRef = 27F4A13F242BC6AE00285DF0 /* JokeTableViewController.swift */; };
		27F4A142242BC72900285DF0 /* JokeDefinitionViewController.swift in Sources */ = {isa = PBXBuildFile; fileRef = 27F4A141242BC72900285DF0 /* JokeDefinitionViewController.swift */; };
/* End PBXBuildFile section */

/* Begin PBXFileReference section */
		27F4A128242BC63800285DF0 /* Joke Bank.app */ = {isa = PBXFileReference; explicitFileType = wrapper.application; includeInIndex = 0; path = "Joke Bank.app"; sourceTree = BUILT_PRODUCTS_DIR; };
		27F4A12B242BC63800285DF0 /* AppDelegate.swift */ = {isa = PBXFileReference; lastKnownFileType = sourcecode.swift; path = AppDelegate.swift; sourceTree = "<group>"; };
		27F4A12D242BC63800285DF0 /* SceneDelegate.swift */ = {isa = PBXFileReference; lastKnownFileType = sourcecode.swift; path = SceneDelegate.swift; sourceTree = "<group>"; };
		27F4A132242BC63800285DF0 /* Base */ = {isa = PBXFileReference; lastKnownFileType = file.storyboard; name = Base; path = Base.lproj/Main.storyboard; sourceTree = "<group>"; };
		27F4A134242BC63900285DF0 /* Assets.xcassets */ = {isa = PBXFileReference; lastKnownFileType = folder.assetcatalog; path = Assets.xcassets; sourceTree = "<group>"; };
		27F4A137242BC63900285DF0 /* Base */ = {isa = PBXFileReference; lastKnownFileType = file.storyboard; name = Base; path = Base.lproj/LaunchScreen.storyboard; sourceTree = "<group>"; };
		27F4A139242BC63900285DF0 /* Info.plist */ = {isa = PBXFileReference; lastKnownFileType = text.plist.xml; path = Info.plist; sourceTree = "<group>"; };
		27F4A13F242BC6AE00285DF0 /* JokeTableViewController.swift */ = {isa = PBXFileReference; lastKnownFileType = sourcecode.swift; path = JokeTableViewController.swift; sourceTree = "<group>"; };
		27F4A141242BC72900285DF0 /* JokeDefinitionViewController.swift */ = {isa = PBXFileReference; lastKnownFileType = sourcecode.swift; path = JokeDefinitionViewController.swift; sourceTree = "<group>"; };
/* End PBXFileReference section */

/* Begin PBXFrameworksBuildPhase section */
		27F4A125242BC63800285DF0 /* Frameworks */ = {
			isa = PBXFrameworksBuildPhase;
			buildActionMask = 2147483647;
			files = (
			);
			runOnlyForDeploymentPostprocessing = 0;
		};
/* End PBXFrameworksBuildPhase section */

/* Begin PBXGroup section */
		27F4A11F242BC63800285DF0 = {
			isa = PBXGroup;
			children = (
				27F4A12A242BC63800285DF0 /* Joke Bank */,
				27F4A129242BC63800285DF0 /* Products */,
			);
			sourceTree = "<group>";
		};
		27F4A129242BC63800285DF0 /* Products */ = {
			isa = PBXGroup;
			children = (
				27F4A128242BC63800285DF0 /* Joke Bank.app */,
			);
			name = Products;
			sourceTree = "<group>";
		};
		27F4A12A242BC63800285DF0 /* Joke Bank */ = {
			isa = PBXGroup;
			children = (
				27F4A12B242BC63800285DF0 /* AppDelegate.swift */,
				27F4A12D242BC63800285DF0 /* SceneDelegate.swift */,
				27F4A141242BC72900285DF0 /* JokeDefinitionViewController.swift */,
				27F4A13F242BC6AE00285DF0 /* JokeTableViewController.swift */,
				27F4A131242BC63800285DF0 /* Main.storyboard */,
				27F4A134242BC63900285DF0 /* Assets.xcassets */,
				27F4A136242BC63900285DF0 /* LaunchScreen.storyboard */,
				27F4A139242BC63900285DF0 /* Info.plist */,
			);
			path = "Joke Bank";
			sourceTree = "<group>";
		};
/* End PBXGroup section */

/* Begin PBXNativeTarget section */
		27F4A127242BC63800285DF0 /* Joke Bank */ = {
			isa = PBXNativeTarget;
			buildConfigurationList = 27F4A13C242BC63900285DF0 /* Build configuration list for PBXNativeTarget "Joke Bank" */;
			buildPhases = (
				27F4A124242BC63800285DF0 /* Sources */,
				27F4A125242BC63800285DF0 /* Frameworks */,
				27F4A126242BC63800285DF0 /* Resources */,
			);
			buildRules = (
			);
			dependencies = (
			);
			name = "Joke Bank";
			productName = "Joke Bank";
			productReference = 27F4A128242BC63800285DF0 /* Joke Bank.app */;
			productType = "com.apple.product-type.application";
		};
/* End PBXNativeTarget section */

/* Begin PBXProject section */
		27F4A120242BC63800285DF0 /* Project object */ = {
			isa = PBXProject;
			attributes = {
				LastSwiftUpdateCheck = 1130;
				LastUpgradeCheck = 1130;
				ORGANIZATIONNAME = "Nadiar Syaripul";
				TargetAttributes = {
					27F4A127242BC63800285DF0 = {
						CreatedOnToolsVersion = 11.3.1;
					};
				};
			};
			buildConfigurationList = 27F4A123242BC63800285DF0 /* Build configuration list for PBXProject "Joke Bank" */;
			compatibilityVersion = "Xcode 9.3";
			developmentRegion = en;
			hasScannedForEncodings = 0;
			knownRegions = (
				en,
				Base,
			);
			mainGroup = 27F4A11F242BC63800285DF0;
			productRefGroup = 27F4A129242BC63800285DF0 /* Products */;
			projectDirPath = "";
			projectRoot = "";
			targets = (
				27F4A127242BC63800285DF0 /* Joke Bank */,
			);
		};
/* End PBXProject section */

/* Begin PBXResourcesBuildPhase section */
		27F4A126242BC63800285DF0 /* Resources */ = {
			isa = PBXResourcesBuildPhase;
			buildActionMask = 2147483647;
			files = (
				27F4A138242BC63900285DF0 /* LaunchScreen.storyboard in Resources */,
				27F4A135242BC63900285DF0 /* Assets.xcassets in Resources */,
				27F4A133242BC63800285DF0 /* Main.storyboard in Resources */,
			);
			runOnlyForDeploymentPostprocessing = 0;
		};
/* End PBXResourcesBuildPhase section */

/* Begin PBXSourcesBuildPhase section */
		27F4A124242BC63800285DF0 /* Sources */ = {
			isa = PBXSourcesBuildPhase;
			buildActionMask = 2147483647;
			files = (
				27F4A12C242BC63800285DF0 /* AppDelegate.swift in Sources */,
				27F4A12E242BC63800285DF0 /* SceneDelegate.swift in Sources */,
				27F4A142242BC72900285DF0 /* JokeDefinitionViewController.swift in Sources */,
				27F4A140242BC6AE00285DF0 /* JokeTableViewController.swift in Sources */,
			);
			runOnlyForDeploymentPostprocessing = 0;
		};
/* End PBXSourcesBuildPhase section */

/* Begin PBXVariantGroup section */
		27F4A131242BC63800285DF0 /* Main.storyboard */ = {
			isa = PBXVariantGroup;
			children = (
				27F4A132242BC63800285DF0 /* Base */,
			);
			name = Main.storyboard;
			sourceTree = "<group>";
		};
		27F4A136242BC63900285DF0 /* LaunchScreen.storyboard */ = {
			isa = PBXVariantGroup;
			children = (
				27F4A137242BC63900285DF0 /* Base */,
			);
			name = LaunchScreen.storyboard;
			sourceTree = "<group>";
		};
/* End PBXVariantGroup section */

/* Begin XCBuildConfiguration section */
		27F4A13A242BC63900285DF0 /* Debug */ = {
			isa = XCBuildConfiguration;
			buildSettings = {
				ALWAYS_SEARCH_USER_PATHS = NO;
				CLANG_ANALYZER_NONNULL = YES;
				CLANG_ANALYZER_NUMBER_OBJECT_CONVERSION = YES_AGGRESSIVE;
				CLANG_CXX_LANGUAGE_STANDARD = "gnu++14";
				CLANG_CXX_LIBRARY = "libc++";
				CLANG_ENABLE_MODULES = YES;
				CLANG_ENABLE_OBJC_ARC = YES;
				CLANG_ENABLE_OBJC_WEAK = YES;
				CLANG_WARN_BLOCK_CAPTURE_AUTORELEASING = YES;
				CLANG_WARN_BOOL_CONVERSION = YES;
				CLANG_WARN_COMMA = YES;
				CLANG_WARN_CONSTANT_CONVERSION = YES;
				CLANG_WARN_DEPRECATED_OBJC_IMPLEMENTATIONS = YES;
				CLANG_WARN_DIRECT_OBJC_ISA_USAGE = YES_ERROR;
				CLANG_WARN_DOCUMENTATION_COMMENTS = YES;
				CLANG_WARN_EMPTY_BODY = YES;
				CLANG_WARN_ENUM_CONVERSION = YES;
				CLANG_WARN_INFINITE_RECURSION = YES;
				CLANG_WARN_INT_CONVERSION = YES;
				CLANG_WARN_NON_LITERAL_NULL_CONVERSION = YES;
				CLANG_WARN_OBJC_IMPLICIT_RETAIN_SELF = YES;
				CLANG_WARN_OBJC_LITERAL_CONVERSION = YES;
				CLANG_WARN_OBJC_ROOT_CLASS = YES_ERROR;
				CLANG_WARN_RANGE_LOOP_ANALYSIS = YES;
				CLANG_WARN_STRICT_PROTOTYPES = YES;
				CLANG_WARN_SUSPICIOUS_MOVE = YES;
				CLANG_WARN_UNGUARDED_AVAILABILITY = YES_AGGRESSIVE;
				CLANG_WARN_UNREACHABLE_CODE = YES;
				CLANG_WARN__DUPLICATE_METHOD_MATCH = YES;
				COPY_PHASE_STRIP = NO;
				DEBUG_INFORMATION_FORMAT = dwarf;
				ENABLE_STRICT_OBJC_MSGSEND = YES;
				ENABLE_TESTABILITY = YES;
				GCC_C_LANGUAGE_STANDARD = gnu11;
				GCC_DYNAMIC_NO_PIC = NO;
				GCC_NO_COMMON_BLOCKS = YES;
				GCC_OPTIMIZATION_LEVEL = 0;
				GCC_PREPROCESSOR_DEFINITIONS = (
					"DEBUG=1",
					"$(inherited)",
				);
				GCC_WARN_64_TO_32_BIT_CONVERSION = YES;
				GCC_WARN_ABOUT_RETURN_TYPE = YES_ERROR;
				GCC_WARN_UNDECLARED_SELECTOR = YES;
				GCC_WARN_UNINITIALIZED_AUTOS = YES_AGGRESSIVE;
				GCC_WARN_UNUSED_FUNCTION = YES;
				GCC_WARN_UNUSED_VARIABLE = YES;
				IPHONEOS_DEPLOYMENT_TARGET = 13.2;
				MTL_ENABLE_DEBUG_INFO = INCLUDE_SOURCE;
				MTL_FAST_MATH = YES;
				ONLY_ACTIVE_ARCH = YES;
				SDKROOT = iphoneos;
				SWIFT_ACTIVE_COMPILATION_CONDITIONS = DEBUG;
				SWIFT_OPTIMIZATION_LEVEL = "-Onone";
			};
			name = Debug;
		};
		27F4A13B242BC63900285DF0 /* Release */ = {
			isa = XCBuildConfiguration;
			buildSettings = {
				ALWAYS_SEARCH_USER_PATHS = NO;
				CLANG_ANALYZER_NONNULL = YES;
				CLANG_ANALYZER_NUMBER_OBJECT_CONVERSION = YES_AGGRESSIVE;
				CLANG_CXX_LANGUAGE_STANDARD = "gnu++14";
				CLANG_CXX_LIBRARY = "libc++";
				CLANG_ENABLE_MODULES = YES;
				CLANG_ENABLE_OBJC_ARC = YES;
				CLANG_ENABLE_OBJC_WEAK = YES;
				CLANG_WARN_BLOCK_CAPTURE_AUTORELEASING = YES;
				CLANG_WARN_BOOL_CONVERSION = YES;
				CLANG_WARN_COMMA = YES;
				CLANG_WARN_CONSTANT_CONVERSION = YES;
				CLANG_WARN_DEPRECATED_OBJC_IMPLEMENTATIONS = YES;
				CLANG_WARN_DIRECT_OBJC_ISA_USAGE = YES_ERROR;
				CLANG_WARN_DOCUMENTATION_COMMENTS = YES;
				CLANG_WARN_EMPTY_BODY = YES;
				CLANG_WARN_ENUM_CONVERSION = YES;
				CLANG_WARN_INFINITE_RECURSION = YES;
				CLANG_WARN_INT_CONVERSION = YES;
				CLANG_WARN_NON_LITERAL_NULL_CONVERSION = YES;
				CLANG_WARN_OBJC_IMPLICIT_RETAIN_SELF = YES;
				CLANG_WARN_OBJC_LITERAL_CONVERSION = YES;
				CLANG_WARN_OBJC_ROOT_CLASS = YES_ERROR;
				CLANG_WARN_RANGE_LOOP_ANALYSIS = YES;
				CLANG_WARN_STRICT_PROTOTYPES = YES;
				CLANG_WARN_SUSPICIOUS_MOVE = YES;
				CLANG_WARN_UNGUARDED_AVAILABILITY = YES_AGGRESSIVE;
				CLANG_WARN_UNREACHABLE_CODE = YES;
				CLANG_WARN__DUPLICATE_METHOD_MATCH = YES;
				COPY_PHASE_STRIP = NO;
				DEBUG_INFORMATION_FORMAT = "dwarf-with-dsym";
				ENABLE_NS_ASSERTIONS = NO;
				ENABLE_STRICT_OBJC_MSGSEND = YES;
				GCC_C_LANGUAGE_STANDARD = gnu11;
				GCC_NO_COMMON_BLOCKS = YES;
				GCC_WARN_64_TO_32_BIT_CONVERSION = YES;
				GCC_WARN_ABOUT_RETURN_TYPE = YES_ERROR;
				GCC_WARN_UNDECLARED_SELECTOR = YES;
				GCC_WARN_UNINITIALIZED_AUTOS = YES_AGGRESSIVE;
				GCC_WARN_UNUSED_FUNCTION = YES;
				GCC_WARN_UNUSED_VARIABLE = YES;
				IPHONEOS_DEPLOYMENT_TARGET = 13.2;
				MTL_ENABLE_DEBUG_INFO = NO;
				MTL_FAST_MATH = YES;
				SDKROOT = iphoneos;
				SWIFT_COMPILATION_MODE = wholemodule;
				SWIFT_OPTIMIZATION_LEVEL = "-O";
				VALIDATE_PRODUCT = YES;
			};
			name = Release;
		};
		27F4A13D242BC63900285DF0 /* Debug */ = {
			isa = XCBuildConfiguration;
			buildSettings = {
				ASSETCATALOG_COMPILER_APPICON_NAME = AppIcon;
				CODE_SIGN_STYLE = Automatic;
				DEVELOPMENT_TEAM = V5JWGVBB25;
				INFOPLIST_FILE = "Joke Bank/Info.plist";
				LD_RUNPATH_SEARCH_PATHS = (
					"$(inherited)",
					"@executable_path/Frameworks",
				);
				PRODUCT_BUNDLE_IDENTIFIER = "id.nadiar.Joke-Bank";
				PRODUCT_NAME = "$(TARGET_NAME)";
				SWIFT_VERSION = 5.0;
				TARGETED_DEVICE_FAMILY = "1,2";
			};
			name = Debug;
		};
		27F4A13E242BC63900285DF0 /* Release */ = {
			isa = XCBuildConfiguration;
			buildSettings = {
				ASSETCATALOG_COMPILER_APPICON_NAME = AppIcon;
				CODE_SIGN_STYLE = Automatic;
				DEVELOPMENT_TEAM = V5JWGVBB25;
				INFOPLIST_FILE = "Joke Bank/Info.plist";
				LD_RUNPATH_SEARCH_PATHS = (
					"$(inherited)",
					"@executable_path/Frameworks",
				);
				PRODUCT_BUNDLE_IDENTIFIER = "id.nadiar.Joke-Bank";
				PRODUCT_NAME = "$(TARGET_NAME)";
				SWIFT_VERSION = 5.0;
				TARGETED_DEVICE_FAMILY = "1,2";
			};
			name = Release;
		};
/* End XCBuildConfiguration section */

/* Begin XCConfigurationList section */
		27F4A123242BC63800285DF0 /* Build configuration list for PBXProject "Joke Bank" */ = {
			isa = XCConfigurationList;
			buildConfigurations = (
				27F4A13A242BC63900285DF0 /* Debug */,
				27F4A13B242BC63900285DF0 /* Release */,
			);
			defaultConfigurationIsVisible = 0;
			defaultConfigurationName = Release;
		};
		27F4A13C242BC63900285DF0 /* Build configuration list for PBXNativeTarget "Joke Bank" */ = {
			isa = XCConfigurationList;
			buildConfigurations = (
				27F4A13D242BC63900285DF0 /* Debug */,
				27F4A13E242BC63900285DF0 /* Release */,
			);
			defaultConfigurationIsVisible = 0;
			defaultConfigurationName = Release;
		};
/* End XCConfigurationList section */
	};
	rootObject = 27F4A120242BC63800285DF0 /* Project object */;
}
