// !$*UTF8*$!
{
	archiveVersion = 1;
	classes = {
	};
	objectVersion = 50;
	objects = {

/* Begin PBXBuildFile section */
		2703DC77242E4760007D9606 /* AppDelegate.swift in Sources */ = {isa = PBXBuildFile; fileRef = 2703DC76242E4760007D9606 /* AppDelegate.swift */; };
		2703DC79242E4760007D9606 /* SceneDelegate.swift in Sources */ = {isa = PBXBuildFile; fileRef = 2703DC78242E4760007D9606 /* SceneDelegate.swift */; };
		2703DC7E242E4760007D9606 /* Main.storyboard in Resources */ = {isa = PBXBuildFile; fileRef = 2703DC7C242E4760007D9606 /* Main.storyboard */; };
		2703DC81242E4760007D9606 /* ToDo_List.xcdatamodeld in Sources */ = {isa = PBXBuildFile; fileRef = 2703DC7F242E4760007D9606 /* ToDo_List.xcdatamodeld */; };
		2703DC83242E4762007D9606 /* Assets.xcassets in Resources */ = {isa = PBXBuildFile; fileRef = 2703DC82242E4762007D9606 /* Assets.xcassets */; };
		2703DC86242E4762007D9606 /* LaunchScreen.storyboard in Resources */ = {isa = PBXBuildFile; fileRef = 2703DC84242E4762007D9606 /* LaunchScreen.storyboard */; };
		2703DC8E242E47F2007D9606 /* TodoTableViewController.swift in Sources */ = {isa = PBXBuildFile; fileRef = 2703DC8D242E47F2007D9606 /* TodoTableViewController.swift */; };
		2703DC90242E492B007D9606 /* Todo.swift in Sources */ = {isa = PBXBuildFile; fileRef = 2703DC8F242E492B007D9606 /* Todo.swift */; };
		27CC49E7242E53F0004EC839 /* InputTodoViewController.swift in Sources */ = {isa = PBXBuildFile; fileRef = 27CC49E6242E53F0004EC839 /* InputTodoViewController.swift */; };
		27CC49E9242E59D6004EC839 /* TodoItemViewController.swift in Sources */ = {isa = PBXBuildFile; fileRef = 27CC49E8242E59D6004EC839 /* TodoItemViewController.swift */; };
/* End PBXBuildFile section */

/* Begin PBXFileReference section */
		2703DC73242E4760007D9606 /* ToDo List.app */ = {isa = PBXFileReference; explicitFileType = wrapper.application; includeInIndex = 0; path = "ToDo List.app"; sourceTree = BUILT_PRODUCTS_DIR; };
		2703DC76242E4760007D9606 /* AppDelegate.swift */ = {isa = PBXFileReference; lastKnownFileType = sourcecode.swift; path = AppDelegate.swift; sourceTree = "<group>"; };
		2703DC78242E4760007D9606 /* SceneDelegate.swift */ = {isa = PBXFileReference; lastKnownFileType = sourcecode.swift; path = SceneDelegate.swift; sourceTree = "<group>"; };
		2703DC7D242E4760007D9606 /* Base */ = {isa = PBXFileReference; lastKnownFileType = file.storyboard; name = Base; path = Base.lproj/Main.storyboard; sourceTree = "<group>"; };
		2703DC80242E4760007D9606 /* ToDo_List.xcdatamodel */ = {isa = PBXFileReference; lastKnownFileType = wrapper.xcdatamodel; path = ToDo_List.xcdatamodel; sourceTree = "<group>"; };
		2703DC82242E4762007D9606 /* Assets.xcassets */ = {isa = PBXFileReference; lastKnownFileType = folder.assetcatalog; path = Assets.xcassets; sourceTree = "<group>"; };
		2703DC85242E4762007D9606 /* Base */ = {isa = PBXFileReference; lastKnownFileType = file.storyboard; name = Base; path = Base.lproj/LaunchScreen.storyboard; sourceTree = "<group>"; };
		2703DC87242E4762007D9606 /* Info.plist */ = {isa = PBXFileReference; lastKnownFileType = text.plist.xml; path = Info.plist; sourceTree = "<group>"; };
		2703DC8D242E47F2007D9606 /* TodoTableViewController.swift */ = {isa = PBXFileReference; lastKnownFileType = sourcecode.swift; path = TodoTableViewController.swift; sourceTree = "<group>"; };
		2703DC8F242E492B007D9606 /* Todo.swift */ = {isa = PBXFileReference; lastKnownFileType = sourcecode.swift; path = Todo.swift; sourceTree = "<group>"; };
		27CC49E6242E53F0004EC839 /* InputTodoViewController.swift */ = {isa = PBXFileReference; lastKnownFileType = sourcecode.swift; path = InputTodoViewController.swift; sourceTree = "<group>"; };
		27CC49E8242E59D6004EC839 /* TodoItemViewController.swift */ = {isa = PBXFileReference; lastKnownFileType = sourcecode.swift; path = TodoItemViewController.swift; sourceTree = "<group>"; };
/* End PBXFileReference section */

/* Begin PBXFrameworksBuildPhase section */
		2703DC70242E4760007D9606 /* Frameworks */ = {
			isa = PBXFrameworksBuildPhase;
			buildActionMask = 2147483647;
			files = (
			);
			runOnlyForDeploymentPostprocessing = 0;
		};
/* End PBXFrameworksBuildPhase section */

/* Begin PBXGroup section */
		2703DC6A242E4760007D9606 = {
			isa = PBXGroup;
			children = (
				2703DC75242E4760007D9606 /* ToDo List */,
				2703DC74242E4760007D9606 /* Products */,
			);
			sourceTree = "<group>";
		};
		2703DC74242E4760007D9606 /* Products */ = {
			isa = PBXGroup;
			children = (
				2703DC73242E4760007D9606 /* ToDo List.app */,
			);
			name = Products;
			sourceTree = "<group>";
		};
		2703DC75242E4760007D9606 /* ToDo List */ = {
			isa = PBXGroup;
			children = (
				2703DC76242E4760007D9606 /* AppDelegate.swift */,
				2703DC8F242E492B007D9606 /* Todo.swift */,
				2703DC78242E4760007D9606 /* SceneDelegate.swift */,
				2703DC8D242E47F2007D9606 /* TodoTableViewController.swift */,
				27CC49E6242E53F0004EC839 /* InputTodoViewController.swift */,
				27CC49E8242E59D6004EC839 /* TodoItemViewController.swift */,
				2703DC7C242E4760007D9606 /* Main.storyboard */,
				2703DC82242E4762007D9606 /* Assets.xcassets */,
				2703DC84242E4762007D9606 /* LaunchScreen.storyboard */,
				2703DC87242E4762007D9606 /* Info.plist */,
				2703DC7F242E4760007D9606 /* ToDo_List.xcdatamodeld */,
			);
			path = "ToDo List";
			sourceTree = "<group>";
		};
/* End PBXGroup section */

/* Begin PBXNativeTarget section */
		2703DC72242E4760007D9606 /* ToDo List */ = {
			isa = PBXNativeTarget;
			buildConfigurationList = 2703DC8A242E4762007D9606 /* Build configuration list for PBXNativeTarget "ToDo List" */;
			buildPhases = (
				2703DC6F242E4760007D9606 /* Sources */,
				2703DC70242E4760007D9606 /* Frameworks */,
				2703DC71242E4760007D9606 /* Resources */,
			);
			buildRules = (
			);
			dependencies = (
			);
			name = "ToDo List";
			productName = "ToDo List";
			productReference = 2703DC73242E4760007D9606 /* ToDo List.app */;
			productType = "com.apple.product-type.application";
		};
/* End PBXNativeTarget section */

/* Begin PBXProject section */
		2703DC6B242E4760007D9606 /* Project object */ = {
			isa = PBXProject;
			attributes = {
				LastSwiftUpdateCheck = 1130;
				LastUpgradeCheck = 1130;
				ORGANIZATIONNAME = "Nadiar Syaripul";
				TargetAttributes = {
					2703DC72242E4760007D9606 = {
						CreatedOnToolsVersion = 11.3.1;
					};
				};
			};
			buildConfigurationList = 2703DC6E242E4760007D9606 /* Build configuration list for PBXProject "ToDo List" */;
			compatibilityVersion = "Xcode 9.3";
			developmentRegion = en;
			hasScannedForEncodings = 0;
			knownRegions = (
				en,
				Base,
			);
			mainGroup = 2703DC6A242E4760007D9606;
			productRefGroup = 2703DC74242E4760007D9606 /* Products */;
			projectDirPath = "";
			projectRoot = "";
			targets = (
				2703DC72242E4760007D9606 /* ToDo List */,
			);
		};
/* End PBXProject section */

/* Begin PBXResourcesBuildPhase section */
		2703DC71242E4760007D9606 /* Resources */ = {
			isa = PBXResourcesBuildPhase;
			buildActionMask = 2147483647;
			files = (
				2703DC86242E4762007D9606 /* LaunchScreen.storyboard in Resources */,
				2703DC83242E4762007D9606 /* Assets.xcassets in Resources */,
				2703DC7E242E4760007D9606 /* Main.storyboard in Resources */,
			);
			runOnlyForDeploymentPostprocessing = 0;
		};
/* End PBXResourcesBuildPhase section */

/* Begin PBXSourcesBuildPhase section */
		2703DC6F242E4760007D9606 /* Sources */ = {
			isa = PBXSourcesBuildPhase;
			buildActionMask = 2147483647;
			files = (
				2703DC77242E4760007D9606 /* AppDelegate.swift in Sources */,
				2703DC8E242E47F2007D9606 /* TodoTableViewController.swift in Sources */,
				2703DC79242E4760007D9606 /* SceneDelegate.swift in Sources */,
				2703DC81242E4760007D9606 /* ToDo_List.xcdatamodeld in Sources */,
				27CC49E9242E59D6004EC839 /* TodoItemViewController.swift in Sources */,
				2703DC90242E492B007D9606 /* Todo.swift in Sources */,
				27CC49E7242E53F0004EC839 /* InputTodoViewController.swift in Sources */,
			);
			runOnlyForDeploymentPostprocessing = 0;
		};
/* End PBXSourcesBuildPhase section */

/* Begin PBXVariantGroup section */
		2703DC7C242E4760007D9606 /* Main.storyboard */ = {
			isa = PBXVariantGroup;
			children = (
				2703DC7D242E4760007D9606 /* Base */,
			);
			name = Main.storyboard;
			sourceTree = "<group>";
		};
		2703DC84242E4762007D9606 /* LaunchScreen.storyboard */ = {
			isa = PBXVariantGroup;
			children = (
				2703DC85242E4762007D9606 /* Base */,
			);
			name = LaunchScreen.storyboard;
			sourceTree = "<group>";
		};
/* End PBXVariantGroup section */

/* Begin XCBuildConfiguration section */
		2703DC88242E4762007D9606 /* Debug */ = {
			isa = XCBuildConfiguration;
			buildSettings = {
				ALWAYS_SEARCH_USER_PATHS = NO;
				CLANG_ANALYZER_NONNULL = YES;
				CLANG_ANALYZER_NUMBER_OBJECT_CONVERSION = YES_AGGRESSIVE;
				CLANG_CXX_LANGUAGE_STANDARD = "gnu++14";
				CLANG_CXX_LIBRARY = "libc++";
				CLANG_ENABLE_MODULES = YES;
				CLANG_ENABLE_OBJC_ARC = YES;
				CLANG_ENABLE_OBJC_WEAK = YES;
				CLANG_WARN_BLOCK_CAPTURE_AUTORELEASING = YES;
				CLANG_WARN_BOOL_CONVERSION = YES;
				CLANG_WARN_COMMA = YES;
				CLANG_WARN_CONSTANT_CONVERSION = YES;
				CLANG_WARN_DEPRECATED_OBJC_IMPLEMENTATIONS = YES;
				CLANG_WARN_DIRECT_OBJC_ISA_USAGE = YES_ERROR;
				CLANG_WARN_DOCUMENTATION_COMMENTS = YES;
				CLANG_WARN_EMPTY_BODY = YES;
				CLANG_WARN_ENUM_CONVERSION = YES;
				CLANG_WARN_INFINITE_RECURSION = YES;
				CLANG_WARN_INT_CONVERSION = YES;
				CLANG_WARN_NON_LITERAL_NULL_CONVERSION = YES;
				CLANG_WARN_OBJC_IMPLICIT_RETAIN_SELF = YES;
				CLANG_WARN_OBJC_LITERAL_CONVERSION = YES;
				CLANG_WARN_OBJC_ROOT_CLASS = YES_ERROR;
				CLANG_WARN_RANGE_LOOP_ANALYSIS = YES;
				CLANG_WARN_STRICT_PROTOTYPES = YES;
				CLANG_WARN_SUSPICIOUS_MOVE = YES;
				CLANG_WARN_UNGUARDED_AVAILABILITY = YES_AGGRESSIVE;
				CLANG_WARN_UNREACHABLE_CODE = YES;
				CLANG_WARN__DUPLICATE_METHOD_MATCH = YES;
				COPY_PHASE_STRIP = NO;
				DEBUG_INFORMATION_FORMAT = dwarf;
				ENABLE_STRICT_OBJC_MSGSEND = YES;
				ENABLE_TESTABILITY = YES;
				GCC_C_LANGUAGE_STANDARD = gnu11;
				GCC_DYNAMIC_NO_PIC = NO;
				GCC_NO_COMMON_BLOCKS = YES;
				GCC_OPTIMIZATION_LEVEL = 0;
				GCC_PREPROCESSOR_DEFINITIONS = (
					"DEBUG=1",
					"$(inherited)",
				);
				GCC_WARN_64_TO_32_BIT_CONVERSION = YES;
				GCC_WARN_ABOUT_RETURN_TYPE = YES_ERROR;
				GCC_WARN_UNDECLARED_SELECTOR = YES;
				GCC_WARN_UNINITIALIZED_AUTOS = YES_AGGRESSIVE;
				GCC_WARN_UNUSED_FUNCTION = YES;
				GCC_WARN_UNUSED_VARIABLE = YES;
				IPHONEOS_DEPLOYMENT_TARGET = 13.2;
				MTL_ENABLE_DEBUG_INFO = INCLUDE_SOURCE;
				MTL_FAST_MATH = YES;
				ONLY_ACTIVE_ARCH = YES;
				SDKROOT = iphoneos;
				SWIFT_ACTIVE_COMPILATION_CONDITIONS = DEBUG;
				SWIFT_OPTIMIZATION_LEVEL = "-Onone";
			};
			name = Debug;
		};
		2703DC89242E4762007D9606 /* Release */ = {
			isa = XCBuildConfiguration;
			buildSettings = {
				ALWAYS_SEARCH_USER_PATHS = NO;
				CLANG_ANALYZER_NONNULL = YES;
				CLANG_ANALYZER_NUMBER_OBJECT_CONVERSION = YES_AGGRESSIVE;
				CLANG_CXX_LANGUAGE_STANDARD = "gnu++14";
				CLANG_CXX_LIBRARY = "libc++";
				CLANG_ENABLE_MODULES = YES;
				CLANG_ENABLE_OBJC_ARC = YES;
				CLANG_ENABLE_OBJC_WEAK = YES;
				CLANG_WARN_BLOCK_CAPTURE_AUTORELEASING = YES;
				CLANG_WARN_BOOL_CONVERSION = YES;
				CLANG_WARN_COMMA = YES;
				CLANG_WARN_CONSTANT_CONVERSION = YES;
				CLANG_WARN_DEPRECATED_OBJC_IMPLEMENTATIONS = YES;
				CLANG_WARN_DIRECT_OBJC_ISA_USAGE = YES_ERROR;
				CLANG_WARN_DOCUMENTATION_COMMENTS = YES;
				CLANG_WARN_EMPTY_BODY = YES;
				CLANG_WARN_ENUM_CONVERSION = YES;
				CLANG_WARN_INFINITE_RECURSION = YES;
				CLANG_WARN_INT_CONVERSION = YES;
				CLANG_WARN_NON_LITERAL_NULL_CONVERSION = YES;
				CLANG_WARN_OBJC_IMPLICIT_RETAIN_SELF = YES;
				CLANG_WARN_OBJC_LITERAL_CONVERSION = YES;
				CLANG_WARN_OBJC_ROOT_CLASS = YES_ERROR;
				CLANG_WARN_RANGE_LOOP_ANALYSIS = YES;
				CLANG_WARN_STRICT_PROTOTYPES = YES;
				CLANG_WARN_SUSPICIOUS_MOVE = YES;
				CLANG_WARN_UNGUARDED_AVAILABILITY = YES_AGGRESSIVE;
				CLANG_WARN_UNREACHABLE_CODE = YES;
				CLANG_WARN__DUPLICATE_METHOD_MATCH = YES;
				COPY_PHASE_STRIP = NO;
				DEBUG_INFORMATION_FORMAT = "dwarf-with-dsym";
				ENABLE_NS_ASSERTIONS = NO;
				ENABLE_STRICT_OBJC_MSGSEND = YES;
				GCC_C_LANGUAGE_STANDARD = gnu11;
				GCC_NO_COMMON_BLOCKS = YES;
				GCC_WARN_64_TO_32_BIT_CONVERSION = YES;
				GCC_WARN_ABOUT_RETURN_TYPE = YES_ERROR;
				GCC_WARN_UNDECLARED_SELECTOR = YES;
				GCC_WARN_UNINITIALIZED_AUTOS = YES_AGGRESSIVE;
				GCC_WARN_UNUSED_FUNCTION = YES;
				GCC_WARN_UNUSED_VARIABLE = YES;
				IPHONEOS_DEPLOYMENT_TARGET = 13.2;
				MTL_ENABLE_DEBUG_INFO = NO;
				MTL_FAST_MATH = YES;
				SDKROOT = iphoneos;
				SWIFT_COMPILATION_MODE = wholemodule;
				SWIFT_OPTIMIZATION_LEVEL = "-O";
				VALIDATE_PRODUCT = YES;
			};
			name = Release;
		};
		2703DC8B242E4762007D9606 /* Debug */ = {
			isa = XCBuildConfiguration;
			buildSettings = {
				ASSETCATALOG_COMPILER_APPICON_NAME = AppIcon;
				CODE_SIGN_STYLE = Automatic;
				DEVELOPMENT_TEAM = V5JWGVBB25;
				INFOPLIST_FILE = "ToDo List/Info.plist";
				LD_RUNPATH_SEARCH_PATHS = (
					"$(inherited)",
					"@executable_path/Frameworks",
				);
				PRODUCT_BUNDLE_IDENTIFIER = "id.nadiar.ToDo-List";
				PRODUCT_NAME = "$(TARGET_NAME)";
				SWIFT_VERSION = 5.0;
				TARGETED_DEVICE_FAMILY = "1,2";
			};
			name = Debug;
		};
		2703DC8C242E4762007D9606 /* Release */ = {
			isa = XCBuildConfiguration;
			buildSettings = {
				ASSETCATALOG_COMPILER_APPICON_NAME = AppIcon;
				CODE_SIGN_STYLE = Automatic;
				DEVELOPMENT_TEAM = V5JWGVBB25;
				INFOPLIST_FILE = "ToDo List/Info.plist";
				LD_RUNPATH_SEARCH_PATHS = (
					"$(inherited)",
					"@executable_path/Frameworks",
				);
				PRODUCT_BUNDLE_IDENTIFIER = "id.nadiar.ToDo-List";
				PRODUCT_NAME = "$(TARGET_NAME)";
				SWIFT_VERSION = 5.0;
				TARGETED_DEVICE_FAMILY = "1,2";
			};
			name = Release;
		};
/* End XCBuildConfiguration section */

/* Begin XCConfigurationList section */
		2703DC6E242E4760007D9606 /* Build configuration list for PBXProject "ToDo List" */ = {
			isa = XCConfigurationList;
			buildConfigurations = (
				2703DC88242E4762007D9606 /* Debug */,
				2703DC89242E4762007D9606 /* Release */,
			);
			defaultConfigurationIsVisible = 0;
			defaultConfigurationName = Release;
		};
		2703DC8A242E4762007D9606 /* Build configuration list for PBXNativeTarget "ToDo List" */ = {
			isa = XCConfigurationList;
			buildConfigurations = (
				2703DC8B242E4762007D9606 /* Debug */,
				2703DC8C242E4762007D9606 /* Release */,
			);
			defaultConfigurationIsVisible = 0;
			defaultConfigurationName = Release;
		};
/* End XCConfigurationList section */

/* Begin XCVersionGroup section */
		2703DC7F242E4760007D9606 /* ToDo_List.xcdatamodeld */ = {
			isa = XCVersionGroup;
			children = (
				2703DC80242E4760007D9606 /* ToDo_List.xcdatamodel */,
			);
			currentVersion = 2703DC80242E4760007D9606 /* ToDo_List.xcdatamodel */;
			path = ToDo_List.xcdatamodeld;
			sourceTree = "<group>";
			versionGroupType = wrapper.xcdatamodel;
		};
/* End XCVersionGroup section */
	};
	rootObject = 2703DC6B242E4760007D9606 /* Project object */;
}
